
Microsoft Visual Studio Solution File, Format Version 10.00
# Visual Studio 2008
Project("{FAE04EC0-301F-11D3-BF4B-00C04F79EFBC}") = "Graffiti.Core", "Graffiti.Core\Graffiti.Core.csproj", "{7C676AF7-35BE-4F98-953F-69769ED4175B}"
EndProject
Project("{FAE04EC0-301F-11D3-BF4B-00C04F79EFBC}") = "Graffiti.Web", "Graffiti.Web\Graffiti.Web.csproj", "{86D1C434-6096-43BE-86D9-364A79109858}"
EndProject
Project("{FAE04EC0-301F-11D3-BF4B-00C04F79EFBC}") = "Graffiti.Core.API", "Graffiti.Core.API\Graffiti.Core.API.csproj", "{523002D7-5FFF-4734-8345-7A759A677C92}"
EndProject
Project("{FAE04EC0-301F-11D3-BF4B-00C04F79EFBC}") = "DataBuddy", "DataBuddy\DataBuddy.csproj", "{D1137CEB-9B3D-4774-B4F0-9BC0C272B8B8}"
EndProject
Global
	GlobalSection(SolutionConfigurationPlatforms) = preSolution
		Debug|.NET = Debug|.NET
		Debug|Any CPU = Debug|Any CPU
		Debug|Mixed Platforms = Debug|Mixed Platforms
		Release|.NET = Release|.NET
		Release|Any CPU = Release|Any CPU
		Release|Mixed Platforms = Release|Mixed Platforms
	EndGlobalSection
	GlobalSection(ProjectConfigurationPlatforms) = postSolution
		{7C676AF7-35BE-4F98-953F-69769ED4175B}.Debug|.NET.ActiveCfg = Debug|Any CPU
		{7C676AF7-35BE-4F98-953F-69769ED4175B}.Debug|Any CPU.ActiveCfg = Debug|Any CPU
		{7C676AF7-35BE-4F98-953F-69769ED4175B}.Debug|Any CPU.Build.0 = Debug|Any CPU
		{7C676AF7-35BE-4F98-953F-69769ED4175B}.Debug|Mixed Platforms.ActiveCfg = Debug|Any CPU
		{7C676AF7-35BE-4F98-953F-69769ED4175B}.Debug|Mixed Platforms.Build.0 = Debug|Any CPU
		{7C676AF7-35BE-4F98-953F-69769ED4175B}.Release|.NET.ActiveCfg = Release|Any CPU
		{7C676AF7-35BE-4F98-953F-69769ED4175B}.Release|Any CPU.ActiveCfg = Release|Any CPU
		{7C676AF7-35BE-4F98-953F-69769ED4175B}.Release|Any CPU.Build.0 = Release|Any CPU
		{7C676AF7-35BE-4F98-953F-69769ED4175B}.Release|Mixed Platforms.ActiveCfg = Release|Any CPU
		{7C676AF7-35BE-4F98-953F-69769ED4175B}.Release|Mixed Platforms.Build.0 = Release|Any CPU
		{86D1C434-6096-43BE-86D9-364A79109858}.Debug|.NET.ActiveCfg = Debug|Any CPU
		{86D1C434-6096-43BE-86D9-364A79109858}.Debug|Any CPU.ActiveCfg = Debug|Any CPU
		{86D1C434-6096-43BE-86D9-364A79109858}.Debug|Any CPU.Build.0 = Debug|Any CPU
		{86D1C434-6096-43BE-86D9-364A79109858}.Debug|Mixed Platforms.ActiveCfg = Debug|Any CPU
		{86D1C434-6096-43BE-86D9-364A79109858}.Debug|Mixed Platforms.Build.0 = Debug|Any CPU
		{86D1C434-6096-43BE-86D9-364A79109858}.Release|.NET.ActiveCfg = Release|Any CPU
		{86D1C434-6096-43BE-86D9-364A79109858}.Release|Any CPU.ActiveCfg = Release|Any CPU
		{86D1C434-6096-43BE-86D9-364A79109858}.Release|Any CPU.Build.0 = Release|Any CPU
		{86D1C434-6096-43BE-86D9-364A79109858}.Release|Mixed Platforms.ActiveCfg = Release|Any CPU
		{86D1C434-6096-43BE-86D9-364A79109858}.Release|Mixed Platforms.Build.0 = Release|Any CPU
		{523002D7-5FFF-4734-8345-7A759A677C92}.Debug|.NET.ActiveCfg = Debug|Any CPU
		{523002D7-5FFF-4734-8345-7A759A677C92}.Debug|Any CPU.ActiveCfg = Debug|Any CPU
		{523002D7-5FFF-4734-8345-7A759A677C92}.Debug|Any CPU.Build.0 = Debug|Any CPU
		{523002D7-5FFF-4734-8345-7A759A677C92}.Debug|Mixed Platforms.ActiveCfg = Debug|Any CPU
		{523002D7-5FFF-4734-8345-7A759A677C92}.Debug|Mixed Platforms.Build.0 = Debug|Any CPU
		{523002D7-5FFF-4734-8345-7A759A677C92}.Release|.NET.ActiveCfg = Release|Any CPU
		{523002D7-5FFF-4734-8345-7A759A677C92}.Release|Any CPU.ActiveCfg = Release|Any CPU
		{523002D7-5FFF-4734-8345-7A759A677C92}.Release|Any CPU.Build.0 = Release|Any CPU
		{523002D7-5FFF-4734-8345-7A759A677C92}.Release|Mixed Platforms.ActiveCfg = Release|Any CPU
		{523002D7-5FFF-4734-8345-7A759A677C92}.Release|Mixed Platforms.Build.0 = Release|Any CPU
		{D1137CEB-9B3D-4774-B4F0-9BC0C272B8B8}.Debug|.NET.ActiveCfg = Debug|Any CPU
		{D1137CEB-9B3D-4774-B4F0-9BC0C272B8B8}.Debug|Any CPU.ActiveCfg = Debug|Any CPU
		{D1137CEB-9B3D-4774-B4F0-9BC0C272B8B8}.Debug|Any CPU.Build.0 = Debug|Any CPU
		{D1137CEB-9B3D-4774-B4F0-9BC0C272B8B8}.Debug|Mixed Platforms.ActiveCfg = Debug|Any CPU
		{D1137CEB-9B3D-4774-B4F0-9BC0C272B8B8}.Debug|Mixed Platforms.Build.0 = Debug|Any CPU
		{D1137CEB-9B3D-4774-B4F0-9BC0C272B8B8}.Release|.NET.ActiveCfg = Release|Any CPU
		{D1137CEB-9B3D-4774-B4F0-9BC0C272B8B8}.Release|Any CPU.ActiveCfg = Release|Any CPU
		{D1137CEB-9B3D-4774-B4F0-9BC0C272B8B8}.Release|Any CPU.Build.0 = Release|Any CPU
		{D1137CEB-9B3D-4774-B4F0-9BC0C272B8B8}.Release|Mixed Platforms.ActiveCfg = Release|Any CPU
		{D1137CEB-9B3D-4774-B4F0-9BC0C272B8B8}.Release|Mixed Platforms.Build.0 = Release|Any CPU
	EndGlobalSection
	GlobalSection(SolutionProperties) = preSolution
		HideSolutionNode = FALSE
	EndGlobalSection
EndGlobal
